// !$*UTF8*$!
{
	archiveVersion = 1;
	classes = {
	};
	objectVersion = 50;
	objects = {

/* Begin PBXBuildFile section */
		106776E6223819C6002DD588 /* Question.swift in Sources */ = {isa = PBXBuildFile; fileRef = 106776E5223819C6002DD588 /* Question.swift */; };
		106776E822381C99002DD588 /* QuestionBank.swift in Sources */ = {isa = PBXBuildFile; fileRef = 106776E722381C99002DD588 /* QuestionBank.swift */; };
		10BAD73222380B9C00F57299 /* AppDelegate.swift in Sources */ = {isa = PBXBuildFile; fileRef = 10BAD73122380B9C00F57299 /* AppDelegate.swift */; };
		10BAD73422380B9C00F57299 /* ViewController.swift in Sources */ = {isa = PBXBuildFile; fileRef = 10BAD73322380B9C00F57299 /* ViewController.swift */; };
		10BAD73722380B9C00F57299 /* Main.storyboard in Resources */ = {isa = PBXBuildFile; fileRef = 10BAD73522380B9C00F57299 /* Main.storyboard */; };
		10BAD73922380B9D00F57299 /* Assets.xcassets in Resources */ = {isa = PBXBuildFile; fileRef = 10BAD73822380B9D00F57299 /* Assets.xcassets */; };
		10BAD73C22380B9D00F57299 /* LaunchScreen.storyboard in Resources */ = {isa = PBXBuildFile; fileRef = 10BAD73A22380B9D00F57299 /* LaunchScreen.storyboard */; };
/* End PBXBuildFile section */

/* Begin PBXFileReference section */
		106776E5223819C6002DD588 /* Question.swift */ = {isa = PBXFileReference; lastKnownFileType = sourcecode.swift; path = Question.swift; sourceTree = "<group>"; };
		106776E722381C99002DD588 /* QuestionBank.swift */ = {isa = PBXFileReference; lastKnownFileType = sourcecode.swift; path = QuestionBank.swift; sourceTree = "<group>"; };
		10BAD72E22380B9C00F57299 /* SImpleQuiz.app */ = {isa = PBXFileReference; explicitFileType = wrapper.application; includeInIndex = 0; path = SImpleQuiz.app; sourceTree = BUILT_PRODUCTS_DIR; };
		10BAD73122380B9C00F57299 /* AppDelegate.swift */ = {isa = PBXFileReference; lastKnownFileType = sourcecode.swift; path = AppDelegate.swift; sourceTree = "<group>"; };
		10BAD73322380B9C00F57299 /* ViewController.swift */ = {isa = PBXFileReference; lastKnownFileType = sourcecode.swift; path = ViewController.swift; sourceTree = "<group>"; };
		10BAD73622380B9C00F57299 /* Base */ = {isa = PBXFileReference; lastKnownFileType = file.storyboard; name = Base; path = Base.lproj/Main.storyboard; sourceTree = "<group>"; };
		10BAD73822380B9D00F57299 /* Assets.xcassets */ = {isa = PBXFileReference; lastKnownFileType = folder.assetcatalog; path = Assets.xcassets; sourceTree = "<group>"; };
		10BAD73B22380B9D00F57299 /* Base */ = {isa = PBXFileReference; lastKnownFileType = file.storyboard; name = Base; path = Base.lproj/LaunchScreen.storyboard; sourceTree = "<group>"; };
		10BAD73D22380B9D00F57299 /* Info.plist */ = {isa = PBXFileReference; lastKnownFileType = text.plist.xml; path = Info.plist; sourceTree = "<group>"; };
/* End PBXFileReference section */

/* Begin PBXFrameworksBuildPhase section */
		10BAD72B22380B9C00F57299 /* Frameworks */ = {
			isa = PBXFrameworksBuildPhase;
			buildActionMask = 2147483647;
			files = (
			);
			runOnlyForDeploymentPostprocessing = 0;
		};
/* End PBXFrameworksBuildPhase section */

/* Begin PBXGroup section */
		106776E422381987002DD588 /* Model */ = {
			isa = PBXGroup;
			children = (
				106776E5223819C6002DD588 /* Question.swift */,
				106776E722381C99002DD588 /* QuestionBank.swift */,
			);
			path = Model;
			sourceTree = "<group>";
		};
		10BAD72522380B9C00F57299 = {
			isa = PBXGroup;
			children = (
				10BAD73022380B9C00F57299 /* SImpleQuiz */,
				10BAD72F22380B9C00F57299 /* Products */,
			);
			sourceTree = "<group>";
		};
		10BAD72F22380B9C00F57299 /* Products */ = {
			isa = PBXGroup;
			children = (
				10BAD72E22380B9C00F57299 /* SImpleQuiz.app */,
			);
			name = Products;
			sourceTree = "<group>";
		};
		10BAD73022380B9C00F57299 /* SImpleQuiz */ = {
			isa = PBXGroup;
			children = (
				106776E422381987002DD588 /* Model */,
				10BAD73122380B9C00F57299 /* AppDelegate.swift */,
				10BAD73322380B9C00F57299 /* ViewController.swift */,
				10BAD73522380B9C00F57299 /* Main.storyboard */,
				10BAD73822380B9D00F57299 /* Assets.xcassets */,
				10BAD73A22380B9D00F57299 /* LaunchScreen.storyboard */,
				10BAD73D22380B9D00F57299 /* Info.plist */,
			);
			path = SImpleQuiz;
			sourceTree = "<group>";
		};
/* End PBXGroup section */

/* Begin PBXNativeTarget section */
		10BAD72D22380B9C00F57299 /* SImpleQuiz */ = {
			isa = PBXNativeTarget;
			buildConfigurationList = 10BAD74022380B9D00F57299 /* Build configuration list for PBXNativeTarget "SImpleQuiz" */;
			buildPhases = (
				10BAD72A22380B9C00F57299 /* Sources */,
				10BAD72B22380B9C00F57299 /* Frameworks */,
				10BAD72C22380B9C00F57299 /* Resources */,
			);
			buildRules = (
			);
			dependencies = (
			);
			name = SImpleQuiz;
			productName = SImpleQuiz;
			productReference = 10BAD72E22380B9C00F57299 /* SImpleQuiz.app */;
			productType = "com.apple.product-type.application";
		};
/* End PBXNativeTarget section */

/* Begin PBXProject section */
		10BAD72622380B9C00F57299 /* Project object */ = {
			isa = PBXProject;
			attributes = {
				LastSwiftUpdateCheck = 1010;
				LastUpgradeCheck = 1010;
				ORGANIZATIONNAME = "Muhammad Abdullah Al Mamun";
				TargetAttributes = {
					10BAD72D22380B9C00F57299 = {
						CreatedOnToolsVersion = 10.1;
					};
				};
			};
			buildConfigurationList = 10BAD72922380B9C00F57299 /* Build configuration list for PBXProject "SImpleQuiz" */;
			compatibilityVersion = "Xcode 9.3";
			developmentRegion = en;
			hasScannedForEncodings = 0;
			knownRegions = (
				en,
				Base,
			);
			mainGroup = 10BAD72522380B9C00F57299;
			productRefGroup = 10BAD72F22380B9C00F57299 /* Products */;
			projectDirPath = "";
			projectRoot = "";
			targets = (
				10BAD72D22380B9C00F57299 /* SImpleQuiz */,
			);
		};
/* End PBXProject section */

/* Begin PBXResourcesBuildPhase section */
		10BAD72C22380B9C00F57299 /* Resources */ = {
			isa = PBXResourcesBuildPhase;
			buildActionMask = 2147483647;
			files = (
				10BAD73C22380B9D00F57299 /* LaunchScreen.storyboard in Resources */,
				10BAD73922380B9D00F57299 /* Assets.xcassets in Resources */,
				10BAD73722380B9C00F57299 /* Main.storyboard in Resources */,
			);
			runOnlyForDeploymentPostprocessing = 0;
		};
/* End PBXResourcesBuildPhase section */

/* Begin PBXSourcesBuildPhase section */
		10BAD72A22380B9C00F57299 /* Sources */ = {
			isa = PBXSourcesBuildPhase;
			buildActionMask = 2147483647;
			files = (
				106776E6223819C6002DD588 /* Question.swift in Sources */,
				106776E822381C99002DD588 /* QuestionBank.swift in Sources */,
				10BAD73422380B9C00F57299 /* ViewController.swift in Sources */,
				10BAD73222380B9C00F57299 /* AppDelegate.swift in Sources */,
			);
			runOnlyForDeploymentPostprocessing = 0;
		};
/* End PBXSourcesBuildPhase section */

/* Begin PBXVariantGroup section */
		10BAD73522380B9C00F57299 /* Main.storyboard */ = {
			isa = PBXVariantGroup;
			children = (
				10BAD73622380B9C00F57299 /* Base */,
			);
			name = Main.storyboard;
			sourceTree = "<group>";
		};
		10BAD73A22380B9D00F57299 /* LaunchScreen.storyboard */ = {
			isa = PBXVariantGroup;
			children = (
				10BAD73B22380B9D00F57299 /* Base */,
			);
			name = LaunchScreen.storyboard;
			sourceTree = "<group>";
		};
/* End PBXVariantGroup section */

/* Begin XCBuildConfiguration section */
		10BAD73E22380B9D00F57299 /* Debug */ = {
			isa = XCBuildConfiguration;
			buildSettings = {
				ALWAYS_SEARCH_USER_PATHS = NO;
				CLANG_ANALYZER_NONNULL = YES;
				CLANG_ANALYZER_NUMBER_OBJECT_CONVERSION = YES_AGGRESSIVE;
				CLANG_CXX_LANGUAGE_STANDARD = "gnu++14";
				CLANG_CXX_LIBRARY = "libc++";
				CLANG_ENABLE_MODULES = YES;
				CLANG_ENABLE_OBJC_ARC = YES;
				CLANG_ENABLE_OBJC_WEAK = YES;
				CLANG_WARN_BLOCK_CAPTURE_AUTORELEASING = YES;
				CLANG_WARN_BOOL_CONVERSION = YES;
				CLANG_WARN_COMMA = YES;
				CLANG_WARN_CONSTANT_CONVERSION = YES;
				CLANG_WARN_DEPRECATED_OBJC_IMPLEMENTATIONS = YES;
				CLANG_WARN_DIRECT_OBJC_ISA_USAGE = YES_ERROR;
				CLANG_WARN_DOCUMENTATION_COMMENTS = YES;
				CLANG_WARN_EMPTY_BODY = YES;
				CLANG_WARN_ENUM_CONVERSION = YES;
				CLANG_WARN_INFINITE_RECURSION = YES;
				CLANG_WARN_INT_CONVERSION = YES;
				CLANG_WARN_NON_LITERAL_NULL_CONVERSION = YES;
				CLANG_WARN_OBJC_IMPLICIT_RETAIN_SELF = YES;
				CLANG_WARN_OBJC_LITERAL_CONVERSION = YES;
				CLANG_WARN_OBJC_ROOT_CLASS = YES_ERROR;
				CLANG_WARN_RANGE_LOOP_ANALYSIS = YES;
				CLANG_WARN_STRICT_PROTOTYPES = YES;
				CLANG_WARN_SUSPICIOUS_MOVE = YES;
				CLANG_WARN_UNGUARDED_AVAILABILITY = YES_AGGRESSIVE;
				CLANG_WARN_UNREACHABLE_CODE = YES;
				CLANG_WARN__DUPLICATE_METHOD_MATCH = YES;
				CODE_SIGN_IDENTITY = "iPhone Developer";
				COPY_PHASE_STRIP = NO;
				DEBUG_INFORMATION_FORMAT = dwarf;
				ENABLE_STRICT_OBJC_MSGSEND = YES;
				ENABLE_TESTABILITY = YES;
				GCC_C_LANGUAGE_STANDARD = gnu11;
				GCC_DYNAMIC_NO_PIC = NO;
				GCC_NO_COMMON_BLOCKS = YES;
				GCC_OPTIMIZATION_LEVEL = 0;
				GCC_PREPROCESSOR_DEFINITIONS = (
					"DEBUG=1",
					"$(inherited)",
				);
				GCC_WARN_64_TO_32_BIT_CONVERSION = YES;
				GCC_WARN_ABOUT_RETURN_TYPE = YES_ERROR;
				GCC_WARN_UNDECLARED_SELECTOR = YES;
				GCC_WARN_UNINITIALIZED_AUTOS = YES_AGGRESSIVE;
				GCC_WARN_UNUSED_FUNCTION = YES;
				GCC_WARN_UNUSED_VARIABLE = YES;
				IPHONEOS_DEPLOYMENT_TARGET = 12.1;
				MTL_ENABLE_DEBUG_INFO = INCLUDE_SOURCE;
				MTL_FAST_MATH = YES;
				ONLY_ACTIVE_ARCH = YES;
				SDKROOT = iphoneos;
				SWIFT_ACTIVE_COMPILATION_CONDITIONS = DEBUG;
				SWIFT_OPTIMIZATION_LEVEL = "-Onone";
			};
			name = Debug;
		};
		10BAD73F22380B9D00F57299 /* Release */ = {
			isa = XCBuildConfiguration;
			buildSettings = {
				ALWAYS_SEARCH_USER_PATHS = NO;
				CLANG_ANALYZER_NONNULL = YES;
				CLANG_ANALYZER_NUMBER_OBJECT_CONVERSION = YES_AGGRESSIVE;
				CLANG_CXX_LANGUAGE_STANDARD = "gnu++14";
				CLANG_CXX_LIBRARY = "libc++";
				CLANG_ENABLE_MODULES = YES;
				CLANG_ENABLE_OBJC_ARC = YES;
				CLANG_ENABLE_OBJC_WEAK = YES;
				CLANG_WARN_BLOCK_CAPTURE_AUTORELEASING = YES;
				CLANG_WARN_BOOL_CONVERSION = YES;
				CLANG_WARN_COMMA = YES;
				CLANG_WARN_CONSTANT_CONVERSION = YES;
				CLANG_WARN_DEPRECATED_OBJC_IMPLEMENTATIONS = YES;
				CLANG_WARN_DIRECT_OBJC_ISA_USAGE = YES_ERROR;
				CLANG_WARN_DOCUMENTATION_COMMENTS = YES;
				CLANG_WARN_EMPTY_BODY = YES;
				CLANG_WARN_ENUM_CONVERSION = YES;
				CLANG_WARN_INFINITE_RECURSION = YES;
				CLANG_WARN_INT_CONVERSION = YES;
				CLANG_WARN_NON_LITERAL_NULL_CONVERSION = YES;
				CLANG_WARN_OBJC_IMPLICIT_RETAIN_SELF = YES;
				CLANG_WARN_OBJC_LITERAL_CONVERSION = YES;
				CLANG_WARN_OBJC_ROOT_CLASS = YES_ERROR;
				CLANG_WARN_RANGE_LOOP_ANALYSIS = YES;
				CLANG_WARN_STRICT_PROTOTYPES = YES;
				CLANG_WARN_SUSPICIOUS_MOVE = YES;
				CLANG_WARN_UNGUARDED_AVAILABILITY = YES_AGGRESSIVE;
				CLANG_WARN_UNREACHABLE_CODE = YES;
				CLANG_WARN__DUPLICATE_METHOD_MATCH = YES;
				CODE_SIGN_IDENTITY = "iPhone Developer";
				COPY_PHASE_STRIP = NO;
				DEBUG_INFORMATION_FORMAT = "dwarf-with-dsym";
				ENABLE_NS_ASSERTIONS = NO;
				ENABLE_STRICT_OBJC_MSGSEND = YES;
				GCC_C_LANGUAGE_STANDARD = gnu11;
				GCC_NO_COMMON_BLOCKS = YES;
				GCC_WARN_64_TO_32_BIT_CONVERSION = YES;
				GCC_WARN_ABOUT_RETURN_TYPE = YES_ERROR;
				GCC_WARN_UNDECLARED_SELECTOR = YES;
				GCC_WARN_UNINITIALIZED_AUTOS = YES_AGGRESSIVE;
				GCC_WARN_UNUSED_FUNCTION = YES;
				GCC_WARN_UNUSED_VARIABLE = YES;
				IPHONEOS_DEPLOYMENT_TARGET = 12.1;
				MTL_ENABLE_DEBUG_INFO = NO;
				MTL_FAST_MATH = YES;
				SDKROOT = iphoneos;
				SWIFT_COMPILATION_MODE = wholemodule;
				SWIFT_OPTIMIZATION_LEVEL = "-O";
				VALIDATE_PRODUCT = YES;
			};
			name = Release;
		};
		10BAD74122380B9D00F57299 /* Debug */ = {
			isa = XCBuildConfiguration;
			buildSettings = {
				ASSETCATALOG_COMPILER_APPICON_NAME = AppIcon;
				CODE_SIGN_STYLE = Automatic;
				DEVELOPMENT_TEAM = 394UL6G6J2;
				INFOPLIST_FILE = SImpleQuiz/Info.plist;
				LD_RUNPATH_SEARCH_PATHS = (
					"$(inherited)",
					"@executable_path/Frameworks",
				);
				PRODUCT_BUNDLE_IDENTIFIER = com.abdullah.Quiz.SImpleQuiz;
				PRODUCT_NAME = "$(TARGET_NAME)";
				SWIFT_VERSION = 4.2;
				TARGETED_DEVICE_FAMILY = "1,2";
			};
			name = Debug;
		};
		10BAD74222380B9D00F57299 /* Release */ = {
			isa = XCBuildConfiguration;
			buildSettings = {
				ASSETCATALOG_COMPILER_APPICON_NAME = AppIcon;
				CODE_SIGN_STYLE = Automatic;
				DEVELOPMENT_TEAM = 394UL6G6J2;
				INFOPLIST_FILE = SImpleQuiz/Info.plist;
				LD_RUNPATH_SEARCH_PATHS = (
					"$(inherited)",
					"@executable_path/Frameworks",
				);
				PRODUCT_BUNDLE_IDENTIFIER = com.abdullah.Quiz.SImpleQuiz;
				PRODUCT_NAME = "$(TARGET_NAME)";
				SWIFT_VERSION = 4.2;
				TARGETED_DEVICE_FAMILY = "1,2";
			};
			name = Release;
		};
/* End XCBuildConfiguration section */

/* Begin XCConfigurationList section */
		10BAD72922380B9C00F57299 /* Build configuration list for PBXProject "SImpleQuiz" */ = {
			isa = XCConfigurationList;
			buildConfigurations = (
				10BAD73E22380B9D00F57299 /* Debug */,
				10BAD73F22380B9D00F57299 /* Release */,
			);
			defaultConfigurationIsVisible = 0;
			defaultConfigurationName = Release;
		};
		10BAD74022380B9D00F57299 /* Build configuration list for PBXNativeTarget "SImpleQuiz" */ = {
			isa = XCConfigurationList;
			buildConfigurations = (
				10BAD74122380B9D00F57299 /* Debug */,
				10BAD74222380B9D00F57299 /* Release */,
			);
			defaultConfigurationIsVisible = 0;
			defaultConfigurationName = Release;
		};
/* End XCConfigurationList section */
	};
	rootObject = 10BAD72622380B9C00F57299 /* Project object */;
}
